
Microsoft Visual Studio Solution File, Format Version 12.00
# Visual Studio Version 16
VisualStudioVersion = 16.0.31129.286
MinimumVisualStudioVersion = 10.0.40219.1
Project("{FAE04EC0-301F-11D3-BF4B-00C04F79EFBC}") = "SalesManagementSystem", "SalesManagementSystem\SalesManagementSystem.csproj", "{F50FA8D2-5360-4F8C-80F6-355C27BFA511}"
EndProject
Global
	GlobalSection(SolutionConfigurationPlatforms) = preSolution
		Debug|Any CPU = Debug|Any CPU
		Release|Any CPU = Release|Any CPU
	EndGlobalSection
	GlobalSection(ProjectConfigurationPlatforms) = postSolution
		{F50FA8D2-5360-4F8C-80F6-355C27BFA511}.Debug|Any CPU.ActiveCfg = Debug|Any CPU
		{F50FA8D2-5360-4F8C-80F6-355C27BFA511}.Debug|Any CPU.Build.0 = Debug|Any CPU
		{F50FA8D2-5360-4F8C-80F6-355C27BFA511}.Release|Any CPU.ActiveCfg = Release|Any CPU
		{F50FA8D2-5360-4F8C-80F6-355C27BFA511}.Release|Any CPU.Build.0 = Release|Any CPU
	EndGlobalSection
	GlobalSection(SolutionProperties) = preSolution
		HideSolutionNode = FALSE
	EndGlobalSection
	GlobalSection(ExtensibilityGlobals) = postSolution
		SolutionGuid = {6CC6F1A3-FC82-440A-94ED-643FA259D90D}
	EndGlobalSection
EndGlobal
